// !$*UTF8*$!
{
	archiveVersion = 1;
	classes = {
	};
	objectVersion = 56;
	objects = {

/* Begin PBXBuildFile section */
		7309A54B2A30CE780042711E /* ResearchProject.swift in Sources */ = {isa = PBXBuildFile; fileRef = 7309A54A2A30CE780042711E /* ResearchProject.swift */; };
		7309A5522A30F19A0042711E /* AppRoutes.swift in Sources */ = {isa = PBXBuildFile; fileRef = 7309A5512A30F19A0042711E /* AppRoutes.swift */; };
		7309A5542A30F2E10042711E /* AppRouter.swift in Sources */ = {isa = PBXBuildFile; fileRef = 7309A5532A30F2E10042711E /* AppRouter.swift */; };
		7309A5592A30F9DA0042711E /* Navigation.swift in Sources */ = {isa = PBXBuildFile; fileRef = 7309A5582A30F9DA0042711E /* Navigation.swift */; };
		73852CAB2A32886500202D56 /* PackageDependency.swift in Sources */ = {isa = PBXBuildFile; fileRef = 73852CAA2A32886500202D56 /* PackageDependency.swift */; };
		7388EDD42A38E722008A07CB /* Preview Assets.xcassets in Resources */ = {isa = PBXBuildFile; fileRef = 7388EDD32A38E722008A07CB /* Preview Assets.xcassets */; };
		7388EDDB2A38E73F008A07CB /* Sound.swift in Sources */ = {isa = PBXBuildFile; fileRef = 7388EDD62A38E73F008A07CB /* Sound.swift */; };
		7388EDDC2A38E73F008A07CB /* Texture.swift in Sources */ = {isa = PBXBuildFile; fileRef = 7388EDD72A38E73F008A07CB /* Texture.swift */; };
		7388EDDD2A38E73F008A07CB /* GraphicsField.swift in Sources */ = {isa = PBXBuildFile; fileRef = 7388EDD92A38E73F008A07CB /* GraphicsField.swift */; };
		7388EDDE2A38E73F008A07CB /* TextureField.swift in Sources */ = {isa = PBXBuildFile; fileRef = 7388EDDA2A38E73F008A07CB /* TextureField.swift */; };
		7388EDE02A38E752008A07CB /* EditableModel.swift in Sources */ = {isa = PBXBuildFile; fileRef = 7388EDDF2A38E752008A07CB /* EditableModel.swift */; };
		7388EDE32A38E75B008A07CB /* Graphics.swift in Sources */ = {isa = PBXBuildFile; fileRef = 7388EDE22A38E75B008A07CB /* Graphics.swift */; };
		73AC1C3F29A99EB700DEB7DA /* App.swift in Sources */ = {isa = PBXBuildFile; fileRef = 73AC1C3E29A99EB700DEB7DA /* App.swift */; };
		73AC1C4129A99EB700DEB7DA /* ContentView.swift in Sources */ = {isa = PBXBuildFile; fileRef = 73AC1C4029A99EB700DEB7DA /* ContentView.swift */; };
		73AC1C4329A99EB700DEB7DA /* Assets.xcassets in Resources */ = {isa = PBXBuildFile; fileRef = 73AC1C4229A99EB700DEB7DA /* Assets.xcassets */; };
		73AC1C4E29A99EE300DEB7DA /* Sidebar.swift in Sources */ = {isa = PBXBuildFile; fileRef = 73AC1C4D29A99EE300DEB7DA /* Sidebar.swift */; };
		73AC1C5429A9A62600DEB7DA /* Manifest Page.swift in Sources */ = {isa = PBXBuildFile; fileRef = 73AC1C5329A9A62600DEB7DA /* Manifest Page.swift */; };
		73AC1C5629A9A63900DEB7DA /* Publishing Page.swift in Sources */ = {isa = PBXBuildFile; fileRef = 73AC1C5529A9A63900DEB7DA /* Publishing Page.swift */; };
		73AC1C5929A9ABC900DEB7DA /* Projectile.swift in Sources */ = {isa = PBXBuildFile; fileRef = 73AC1C5829A9ABC900DEB7DA /* Projectile.swift */; };
		73C3268929ACEEE10019D3FE /* Definition Page.swift in Sources */ = {isa = PBXBuildFile; fileRef = 73C3268829ACEEE10019D3FE /* Definition Page.swift */; };
		73C3268D29ACEF0A0019D3FE /* RimworldEditor.swift in Sources */ = {isa = PBXBuildFile; fileRef = 73C3268C29ACEF0A0019D3FE /* RimworldEditor.swift */; };
		73C3269129ACF0260019D3FE /* RimworldManifest.swift in Sources */ = {isa = PBXBuildFile; fileRef = 73C3269029ACF0260019D3FE /* RimworldManifest.swift */; };
		73CE24FA2A337E050088F13E /* PackageRelation.swift in Sources */ = {isa = PBXBuildFile; fileRef = 73CE24F92A337E050088F13E /* PackageRelation.swift */; };
		73CE24FC2A33A7F10088F13E /* Extensions.swift in Sources */ = {isa = PBXBuildFile; fileRef = 73CE24FB2A33A7F10088F13E /* Extensions.swift */; };
/* End PBXBuildFile section */

/* Begin PBXFileReference section */
		7309A54A2A30CE780042711E /* ResearchProject.swift */ = {isa = PBXFileReference; lastKnownFileType = sourcecode.swift; path = ResearchProject.swift; sourceTree = "<group>"; };
		7309A5512A30F19A0042711E /* AppRoutes.swift */ = {isa = PBXFileReference; lastKnownFileType = sourcecode.swift; path = AppRoutes.swift; sourceTree = "<group>"; };
		7309A5532A30F2E10042711E /* AppRouter.swift */ = {isa = PBXFileReference; lastKnownFileType = sourcecode.swift; path = AppRouter.swift; sourceTree = "<group>"; };
		7309A5552A30F34B0042711E /* Rimworld-Editor-Info.plist */ = {isa = PBXFileReference; lastKnownFileType = text.plist; path = "Rimworld-Editor-Info.plist"; sourceTree = SOURCE_ROOT; };
		7309A5582A30F9DA0042711E /* Navigation.swift */ = {isa = PBXFileReference; lastKnownFileType = sourcecode.swift; path = Navigation.swift; sourceTree = "<group>"; };
		73852CAA2A32886500202D56 /* PackageDependency.swift */ = {isa = PBXFileReference; lastKnownFileType = sourcecode.swift; path = PackageDependency.swift; sourceTree = "<group>"; };
		7388EDD32A38E722008A07CB /* Preview Assets.xcassets */ = {isa = PBXFileReference; lastKnownFileType = folder.assetcatalog; path = "Preview Assets.xcassets"; sourceTree = "<group>"; };
		7388EDD62A38E73F008A07CB /* Sound.swift */ = {isa = PBXFileReference; fileEncoding = 4; lastKnownFileType = sourcecode.swift; path = Sound.swift; sourceTree = "<group>"; };
		7388EDD72A38E73F008A07CB /* Texture.swift */ = {isa = PBXFileReference; fileEncoding = 4; lastKnownFileType = sourcecode.swift; path = Texture.swift; sourceTree = "<group>"; };
		7388EDD92A38E73F008A07CB /* GraphicsField.swift */ = {isa = PBXFileReference; fileEncoding = 4; lastKnownFileType = sourcecode.swift; path = GraphicsField.swift; sourceTree = "<group>"; };
		7388EDDA2A38E73F008A07CB /* TextureField.swift */ = {isa = PBXFileReference; fileEncoding = 4; lastKnownFileType = sourcecode.swift; path = TextureField.swift; sourceTree = "<group>"; };
		7388EDDF2A38E752008A07CB /* EditableModel.swift */ = {isa = PBXFileReference; fileEncoding = 4; lastKnownFileType = sourcecode.swift; path = EditableModel.swift; sourceTree = "<group>"; };
		7388EDE22A38E75B008A07CB /* Graphics.swift */ = {isa = PBXFileReference; fileEncoding = 4; lastKnownFileType = sourcecode.swift; path = Graphics.swift; sourceTree = "<group>"; };
		73AC1C3B29A99EB700DEB7DA /* Rimworld Editor.app */ = {isa = PBXFileReference; explicitFileType = wrapper.application; includeInIndex = 0; path = "Rimworld Editor.app"; sourceTree = BUILT_PRODUCTS_DIR; };
		73AC1C3E29A99EB700DEB7DA /* App.swift */ = {isa = PBXFileReference; lastKnownFileType = sourcecode.swift; path = App.swift; sourceTree = "<group>"; };
		73AC1C4029A99EB700DEB7DA /* ContentView.swift */ = {isa = PBXFileReference; lastKnownFileType = sourcecode.swift; path = ContentView.swift; sourceTree = "<group>"; };
		73AC1C4229A99EB700DEB7DA /* Assets.xcassets */ = {isa = PBXFileReference; lastKnownFileType = folder.assetcatalog; path = Assets.xcassets; sourceTree = "<group>"; };
		73AC1C4729A99EB700DEB7DA /* Rimworld_Editor.entitlements */ = {isa = PBXFileReference; lastKnownFileType = text.plist.entitlements; path = Rimworld_Editor.entitlements; sourceTree = "<group>"; };
		73AC1C4D29A99EE300DEB7DA /* Sidebar.swift */ = {isa = PBXFileReference; lastKnownFileType = sourcecode.swift; path = Sidebar.swift; sourceTree = "<group>"; };
		73AC1C5329A9A62600DEB7DA /* Manifest Page.swift */ = {isa = PBXFileReference; lastKnownFileType = sourcecode.swift; path = "Manifest Page.swift"; sourceTree = "<group>"; };
		73AC1C5529A9A63900DEB7DA /* Publishing Page.swift */ = {isa = PBXFileReference; lastKnownFileType = sourcecode.swift; path = "Publishing Page.swift"; sourceTree = "<group>"; };
		73AC1C5829A9ABC900DEB7DA /* Projectile.swift */ = {isa = PBXFileReference; lastKnownFileType = sourcecode.swift; path = Projectile.swift; sourceTree = "<group>"; };
		73C3268829ACEEE10019D3FE /* Definition Page.swift */ = {isa = PBXFileReference; lastKnownFileType = sourcecode.swift; path = "Definition Page.swift"; sourceTree = "<group>"; };
		73C3268C29ACEF0A0019D3FE /* RimworldEditor.swift */ = {isa = PBXFileReference; lastKnownFileType = sourcecode.swift; path = RimworldEditor.swift; sourceTree = "<group>"; };
		73C3269029ACF0260019D3FE /* RimworldManifest.swift */ = {isa = PBXFileReference; lastKnownFileType = sourcecode.swift; path = RimworldManifest.swift; sourceTree = "<group>"; };
		73CE24F92A337E050088F13E /* PackageRelation.swift */ = {isa = PBXFileReference; lastKnownFileType = sourcecode.swift; path = PackageRelation.swift; sourceTree = "<group>"; };
		73CE24FB2A33A7F10088F13E /* Extensions.swift */ = {isa = PBXFileReference; lastKnownFileType = sourcecode.swift; path = Extensions.swift; sourceTree = "<group>"; };
/* End PBXFileReference section */

/* Begin PBXFrameworksBuildPhase section */
		73AC1C3829A99EB600DEB7DA /* Frameworks */ = {
			isa = PBXFrameworksBuildPhase;
			buildActionMask = 2147483647;
			files = (
			);
			runOnlyForDeploymentPostprocessing = 0;
		};
/* End PBXFrameworksBuildPhase section */

/* Begin PBXGroup section */
		7388EDD22A38E722008A07CB /* Preview Content */ = {
			isa = PBXGroup;
			children = (
				7388EDD32A38E722008A07CB /* Preview Assets.xcassets */,
			);
			path = "Preview Content";
			sourceTree = "<group>";
		};
		7388EDD52A38E73F008A07CB /* Assets */ = {
			isa = PBXGroup;
			children = (
				7388EDD62A38E73F008A07CB /* Sound.swift */,
				7388EDD72A38E73F008A07CB /* Texture.swift */,
			);
			path = Assets;
			sourceTree = "<group>";
		};
		7388EDD82A38E73F008A07CB /* Views */ = {
			isa = PBXGroup;
			children = (
				7388EDD92A38E73F008A07CB /* GraphicsField.swift */,
				7388EDDA2A38E73F008A07CB /* TextureField.swift */,
			);
			path = Views;
			sourceTree = "<group>";
		};
		7388EDE12A38E75B008A07CB /* Common */ = {
			isa = PBXGroup;
			children = (
				7388EDE22A38E75B008A07CB /* Graphics.swift */,
			);
			path = Common;
			sourceTree = "<group>";
		};
		73AC1C3229A99EB600DEB7DA = {
			isa = PBXGroup;
			children = (
				73AC1C3D29A99EB700DEB7DA /* Rimworld Editor */,
				73AC1C3C29A99EB700DEB7DA /* Products */,
			);
			sourceTree = "<group>";
		};
		73AC1C3C29A99EB700DEB7DA /* Products */ = {
			isa = PBXGroup;
			children = (
				73AC1C3B29A99EB700DEB7DA /* Rimworld Editor.app */,
			);
			name = Products;
			sourceTree = "<group>";
		};
		73AC1C3D29A99EB700DEB7DA /* Rimworld Editor */ = {
			isa = PBXGroup;
			children = (
				73AC1C4729A99EB700DEB7DA /* Rimworld_Editor.entitlements */,
				7309A5552A30F34B0042711E /* Rimworld-Editor-Info.plist */,
				73AC1C3E29A99EB700DEB7DA /* App.swift */,
				73CE24FB2A33A7F10088F13E /* Extensions.swift */,
				73AC1C4229A99EB700DEB7DA /* Assets.xcassets */,
				7388EDD52A38E73F008A07CB /* Assets */,
				7388EDE12A38E75B008A07CB /* Common */,
				73AC1C5729A9ABB900DEB7DA /* Definitions */,
				73C3268B29ACEEFE0019D3FE /* Document */,
				73AC1C4F29A99EE800DEB7DA /* Navigation */,
				73AC1C5029A99F5500DEB7DA /* Pages */,
				7388EDD22A38E722008A07CB /* Preview Content */,
				7388EDD82A38E73F008A07CB /* Views */,
			);
			path = "Rimworld Editor";
			sourceTree = "<group>";
		};
		73AC1C4F29A99EE800DEB7DA /* Navigation */ = {
			isa = PBXGroup;
			children = (
				7309A5532A30F2E10042711E /* AppRouter.swift */,
				7309A5512A30F19A0042711E /* AppRoutes.swift */,
				73AC1C4029A99EB700DEB7DA /* ContentView.swift */,
				7309A5582A30F9DA0042711E /* Navigation.swift */,
				73AC1C4D29A99EE300DEB7DA /* Sidebar.swift */,
			);
			path = Navigation;
			sourceTree = "<group>";
		};
		73AC1C5029A99F5500DEB7DA /* Pages */ = {
			isa = PBXGroup;
			children = (
				73C3268829ACEEE10019D3FE /* Definition Page.swift */,
				73AC1C5329A9A62600DEB7DA /* Manifest Page.swift */,
				73AC1C5529A9A63900DEB7DA /* Publishing Page.swift */,
			);
			path = Pages;
			sourceTree = "<group>";
		};
		73AC1C5729A9ABB900DEB7DA /* Definitions */ = {
			isa = PBXGroup;
			children = (
				73AC1C5829A9ABC900DEB7DA /* Projectile.swift */,
				7309A54A2A30CE780042711E /* ResearchProject.swift */,
			);
			path = Definitions;
			sourceTree = "<group>";
		};
		73C3268B29ACEEFE0019D3FE /* Document */ = {
			isa = PBXGroup;
			children = (
				7388EDDF2A38E752008A07CB /* EditableModel.swift */,
				73C3268C29ACEF0A0019D3FE /* RimworldEditor.swift */,
				73C3269029ACF0260019D3FE /* RimworldManifest.swift */,
				73852CAA2A32886500202D56 /* PackageDependency.swift */,
				73CE24F92A337E050088F13E /* PackageRelation.swift */,
			);
			path = Document;
			sourceTree = "<group>";
		};
/* End PBXGroup section */

/* Begin PBXNativeTarget section */
		73AC1C3A29A99EB600DEB7DA /* Rimworld Editor */ = {
			isa = PBXNativeTarget;
			buildConfigurationList = 73AC1C4A29A99EB700DEB7DA /* Build configuration list for PBXNativeTarget "Rimworld Editor" */;
			buildPhases = (
				73AC1C3729A99EB600DEB7DA /* Sources */,
				73AC1C3829A99EB600DEB7DA /* Frameworks */,
				73AC1C3929A99EB600DEB7DA /* Resources */,
			);
			buildRules = (
			);
			dependencies = (
			);
			name = "Rimworld Editor";
			productName = "Rimworld Editor";
			productReference = 73AC1C3B29A99EB700DEB7DA /* Rimworld Editor.app */;
			productType = "com.apple.product-type.application";
		};
/* End PBXNativeTarget section */

/* Begin PBXProject section */
		73AC1C3329A99EB600DEB7DA /* Project object */ = {
			isa = PBXProject;
			attributes = {
				BuildIndependentTargetsInParallel = 1;
				LastSwiftUpdateCheck = 1430;
				LastUpgradeCheck = 1500;
				TargetAttributes = {
					73AC1C3A29A99EB600DEB7DA = {
						CreatedOnToolsVersion = 14.3;
					};
				};
			};
			buildConfigurationList = 73AC1C3629A99EB600DEB7DA /* Build configuration list for PBXProject "Rimworld Editor" */;
			compatibilityVersion = "Xcode 14.0";
			developmentRegion = en;
			hasScannedForEncodings = 0;
			knownRegions = (
				en,
				Base,
			);
			mainGroup = 73AC1C3229A99EB600DEB7DA;
			productRefGroup = 73AC1C3C29A99EB700DEB7DA /* Products */;
			projectDirPath = "";
			projectRoot = "";
			targets = (
				73AC1C3A29A99EB600DEB7DA /* Rimworld Editor */,
			);
		};
/* End PBXProject section */

/* Begin PBXResourcesBuildPhase section */
		73AC1C3929A99EB600DEB7DA /* Resources */ = {
			isa = PBXResourcesBuildPhase;
			buildActionMask = 2147483647;
			files = (
				7388EDD42A38E722008A07CB /* Preview Assets.xcassets in Resources */,
				73AC1C4329A99EB700DEB7DA /* Assets.xcassets in Resources */,
			);
			runOnlyForDeploymentPostprocessing = 0;
		};
/* End PBXResourcesBuildPhase section */

/* Begin PBXSourcesBuildPhase section */
		73AC1C3729A99EB600DEB7DA /* Sources */ = {
			isa = PBXSourcesBuildPhase;
			buildActionMask = 2147483647;
			files = (
				73AC1C5629A9A63900DEB7DA /* Publishing Page.swift in Sources */,
				73AC1C5429A9A62600DEB7DA /* Manifest Page.swift in Sources */,
				7388EDDE2A38E73F008A07CB /* TextureField.swift in Sources */,
				7388EDDD2A38E73F008A07CB /* GraphicsField.swift in Sources */,
				73AC1C4129A99EB700DEB7DA /* ContentView.swift in Sources */,
				73852CAB2A32886500202D56 /* PackageDependency.swift in Sources */,
				7388EDE02A38E752008A07CB /* EditableModel.swift in Sources */,
				73AC1C4E29A99EE300DEB7DA /* Sidebar.swift in Sources */,
				7388EDDB2A38E73F008A07CB /* Sound.swift in Sources */,
				73C3268D29ACEF0A0019D3FE /* RimworldEditor.swift in Sources */,
				7388EDDC2A38E73F008A07CB /* Texture.swift in Sources */,
				73C3268929ACEEE10019D3FE /* Definition Page.swift in Sources */,
				7388EDE32A38E75B008A07CB /* Graphics.swift in Sources */,
				7309A54B2A30CE780042711E /* ResearchProject.swift in Sources */,
				73C3269129ACF0260019D3FE /* RimworldManifest.swift in Sources */,
				73CE24FA2A337E050088F13E /* PackageRelation.swift in Sources */,
				7309A5542A30F2E10042711E /* AppRouter.swift in Sources */,
				7309A5522A30F19A0042711E /* AppRoutes.swift in Sources */,
				7309A5592A30F9DA0042711E /* Navigation.swift in Sources */,
				73CE24FC2A33A7F10088F13E /* Extensions.swift in Sources */,
				73AC1C5929A9ABC900DEB7DA /* Projectile.swift in Sources */,
				73AC1C3F29A99EB700DEB7DA /* App.swift in Sources */,
			);
			runOnlyForDeploymentPostprocessing = 0;
		};
/* End PBXSourcesBuildPhase section */

/* Begin XCBuildConfiguration section */
		73AC1C4829A99EB700DEB7DA /* Debug */ = {
			isa = XCBuildConfiguration;
			buildSettings = {
				ALWAYS_SEARCH_USER_PATHS = NO;
				ASSETCATALOG_COMPILER_GENERATE_SWIFT_ASSET_SYMBOL_EXTENSIONS = YES;
				CLANG_ANALYZER_NONNULL = YES;
				CLANG_ANALYZER_NUMBER_OBJECT_CONVERSION = YES_AGGRESSIVE;
				CLANG_CXX_LANGUAGE_STANDARD = "gnu++20";
				CLANG_ENABLE_MODULES = YES;
				CLANG_ENABLE_OBJC_ARC = YES;
				CLANG_ENABLE_OBJC_WEAK = YES;
				CLANG_WARN_BLOCK_CAPTURE_AUTORELEASING = YES;
				CLANG_WARN_BOOL_CONVERSION = YES;
				CLANG_WARN_COMMA = YES;
				CLANG_WARN_CONSTANT_CONVERSION = YES;
				CLANG_WARN_DEPRECATED_OBJC_IMPLEMENTATIONS = YES;
				CLANG_WARN_DIRECT_OBJC_ISA_USAGE = YES_ERROR;
				CLANG_WARN_DOCUMENTATION_COMMENTS = YES;
				CLANG_WARN_EMPTY_BODY = YES;
				CLANG_WARN_ENUM_CONVERSION = YES;
				CLANG_WARN_INFINITE_RECURSION = YES;
				CLANG_WARN_INT_CONVERSION = YES;
				CLANG_WARN_NON_LITERAL_NULL_CONVERSION = YES;
				CLANG_WARN_OBJC_IMPLICIT_RETAIN_SELF = YES;
				CLANG_WARN_OBJC_LITERAL_CONVERSION = YES;
				CLANG_WARN_OBJC_ROOT_CLASS = YES_ERROR;
				CLANG_WARN_QUOTED_INCLUDE_IN_FRAMEWORK_HEADER = YES;
				CLANG_WARN_RANGE_LOOP_ANALYSIS = YES;
				CLANG_WARN_STRICT_PROTOTYPES = YES;
				CLANG_WARN_SUSPICIOUS_MOVE = YES;
				CLANG_WARN_UNGUARDED_AVAILABILITY = YES_AGGRESSIVE;
				CLANG_WARN_UNREACHABLE_CODE = YES;
				CLANG_WARN__DUPLICATE_METHOD_MATCH = YES;
				COPY_PHASE_STRIP = NO;
				DEAD_CODE_STRIPPING = YES;
				DEBUG_INFORMATION_FORMAT = dwarf;
				ENABLE_STRICT_OBJC_MSGSEND = YES;
				ENABLE_TESTABILITY = YES;
				ENABLE_USER_SCRIPT_SANDBOXING = YES;
				GCC_C_LANGUAGE_STANDARD = gnu11;
				GCC_DYNAMIC_NO_PIC = NO;
				GCC_NO_COMMON_BLOCKS = YES;
				GCC_OPTIMIZATION_LEVEL = 0;
				GCC_PREPROCESSOR_DEFINITIONS = (
					"DEBUG=1",
					"$(inherited)",
				);
				GCC_WARN_64_TO_32_BIT_CONVERSION = YES;
				GCC_WARN_ABOUT_RETURN_TYPE = YES_ERROR;
				GCC_WARN_UNDECLARED_SELECTOR = YES;
				GCC_WARN_UNINITIALIZED_AUTOS = YES_AGGRESSIVE;
				GCC_WARN_UNUSED_FUNCTION = YES;
				GCC_WARN_UNUSED_VARIABLE = YES;
				MACOSX_DEPLOYMENT_TARGET = 13.1;
				MTL_ENABLE_DEBUG_INFO = INCLUDE_SOURCE;
				MTL_FAST_MATH = YES;
				ONLY_ACTIVE_ARCH = YES;
				SDKROOT = macosx;
				SWIFT_ACTIVE_COMPILATION_CONDITIONS = DEBUG;
				SWIFT_OPTIMIZATION_LEVEL = "-Onone";
			};
			name = Debug;
		};
		73AC1C4929A99EB700DEB7DA /* Release */ = {
			isa = XCBuildConfiguration;
			buildSettings = {
				ALWAYS_SEARCH_USER_PATHS = NO;
				ASSETCATALOG_COMPILER_GENERATE_SWIFT_ASSET_SYMBOL_EXTENSIONS = YES;
				CLANG_ANALYZER_NONNULL = YES;
				CLANG_ANALYZER_NUMBER_OBJECT_CONVERSION = YES_AGGRESSIVE;
				CLANG_CXX_LANGUAGE_STANDARD = "gnu++20";
				CLANG_ENABLE_MODULES = YES;
				CLANG_ENABLE_OBJC_ARC = YES;
				CLANG_ENABLE_OBJC_WEAK = YES;
				CLANG_WARN_BLOCK_CAPTURE_AUTORELEASING = YES;
				CLANG_WARN_BOOL_CONVERSION = YES;
				CLANG_WARN_COMMA = YES;
				CLANG_WARN_CONSTANT_CONVERSION = YES;
				CLANG_WARN_DEPRECATED_OBJC_IMPLEMENTATIONS = YES;
				CLANG_WARN_DIRECT_OBJC_ISA_USAGE = YES_ERROR;
				CLANG_WARN_DOCUMENTATION_COMMENTS = YES;
				CLANG_WARN_EMPTY_BODY = YES;
				CLANG_WARN_ENUM_CONVERSION = YES;
				CLANG_WARN_INFINITE_RECURSION = YES;
				CLANG_WARN_INT_CONVERSION = YES;
				CLANG_WARN_NON_LITERAL_NULL_CONVERSION = YES;
				CLANG_WARN_OBJC_IMPLICIT_RETAIN_SELF = YES;
				CLANG_WARN_OBJC_LITERAL_CONVERSION = YES;
				CLANG_WARN_OBJC_ROOT_CLASS = YES_ERROR;
				CLANG_WARN_QUOTED_INCLUDE_IN_FRAMEWORK_HEADER = YES;
				CLANG_WARN_RANGE_LOOP_ANALYSIS = YES;
				CLANG_WARN_STRICT_PROTOTYPES = YES;
				CLANG_WARN_SUSPICIOUS_MOVE = YES;
				CLANG_WARN_UNGUARDED_AVAILABILITY = YES_AGGRESSIVE;
				CLANG_WARN_UNREACHABLE_CODE = YES;
				CLANG_WARN__DUPLICATE_METHOD_MATCH = YES;
				COPY_PHASE_STRIP = NO;
				DEAD_CODE_STRIPPING = YES;
				DEBUG_INFORMATION_FORMAT = "dwarf-with-dsym";
				ENABLE_NS_ASSERTIONS = NO;
				ENABLE_STRICT_OBJC_MSGSEND = YES;
				ENABLE_USER_SCRIPT_SANDBOXING = YES;
				GCC_C_LANGUAGE_STANDARD = gnu11;
				GCC_NO_COMMON_BLOCKS = YES;
				GCC_WARN_64_TO_32_BIT_CONVERSION = YES;
				GCC_WARN_ABOUT_RETURN_TYPE = YES_ERROR;
				GCC_WARN_UNDECLARED_SELECTOR = YES;
				GCC_WARN_UNINITIALIZED_AUTOS = YES_AGGRESSIVE;
				GCC_WARN_UNUSED_FUNCTION = YES;
				GCC_WARN_UNUSED_VARIABLE = YES;
				MACOSX_DEPLOYMENT_TARGET = 13.1;
				MTL_ENABLE_DEBUG_INFO = NO;
				MTL_FAST_MATH = YES;
				SDKROOT = macosx;
				SWIFT_COMPILATION_MODE = wholemodule;
				SWIFT_OPTIMIZATION_LEVEL = "-O";
			};
			name = Release;
		};
		73AC1C4B29A99EB700DEB7DA /* Debug */ = {
			isa = XCBuildConfiguration;
			buildSettings = {
				ASSETCATALOG_COMPILER_APPICON_NAME = AppIcon;
				ASSETCATALOG_COMPILER_GLOBAL_ACCENT_COLOR_NAME = AccentColor;
				CODE_SIGN_ENTITLEMENTS = "Rimworld Editor/Rimworld_Editor.entitlements";
				CODE_SIGN_STYLE = Automatic;
				COMBINE_HIDPI_IMAGES = YES;
				CURRENT_PROJECT_VERSION = 1;
				DEAD_CODE_STRIPPING = YES;
				DEVELOPMENT_ASSET_PATHS = "\"Rimworld Editor/Preview Content\"";
				DEVELOPMENT_TEAM = ULLNL4MHTP;
				ENABLE_HARDENED_RUNTIME = YES;
				ENABLE_PREVIEWS = YES;
				GENERATE_INFOPLIST_FILE = YES;
				INFOPLIST_FILE = "Rimworld-Editor-Info.plist";
				INFOPLIST_KEY_LSApplicationCategoryType = "public.app-category.developer-tools";
				INFOPLIST_KEY_NSHumanReadableCopyright = "";
				IPHONEOS_DEPLOYMENT_TARGET = 17.0;
				LD_RUNPATH_SEARCH_PATHS = (
					"$(inherited)",
					"@executable_path/../Frameworks",
				);
				MACOSX_DEPLOYMENT_TARGET = 14.0;
				MARKETING_VERSION = 1.0;
				PRODUCT_BUNDLE_IDENTIFIER = "com.lancelotbronner.Rimworld-Editor";
				PRODUCT_NAME = "$(TARGET_NAME)";
				SUPPORTED_PLATFORMS = "iphoneos iphonesimulator macosx";
				SUPPORTS_MACCATALYST = NO;
				SUPPORTS_MAC_DESIGNED_FOR_IPHONE_IPAD = NO;
				SWIFT_EMIT_LOC_STRINGS = YES;
				SWIFT_VERSION = 5.0;
				TARGETED_DEVICE_FAMILY = 2;
			};
			name = Debug;
		};
		73AC1C4C29A99EB700DEB7DA /* Release */ = {
			isa = XCBuildConfiguration;
			buildSettings = {
				ASSETCATALOG_COMPILER_APPICON_NAME = AppIcon;
				ASSETCATALOG_COMPILER_GLOBAL_ACCENT_COLOR_NAME = AccentColor;
				CODE_SIGN_ENTITLEMENTS = "Rimworld Editor/Rimworld_Editor.entitlements";
				CODE_SIGN_STYLE = Automatic;
				COMBINE_HIDPI_IMAGES = YES;
				CURRENT_PROJECT_VERSION = 1;
				DEAD_CODE_STRIPPING = YES;
				DEVELOPMENT_ASSET_PATHS = "\"Rimworld Editor/Preview Content\"";
				DEVELOPMENT_TEAM = ULLNL4MHTP;
				ENABLE_HARDENED_RUNTIME = YES;
				ENABLE_PREVIEWS = YES;
				GENERATE_INFOPLIST_FILE = YES;
				INFOPLIST_FILE = "Rimworld-Editor-Info.plist";
				INFOPLIST_KEY_LSApplicationCategoryType = "public.app-category.developer-tools";
				INFOPLIST_KEY_NSHumanReadableCopyright = "";
				IPHONEOS_DEPLOYMENT_TARGET = 17.0;
				LD_RUNPATH_SEARCH_PATHS = (
					"$(inherited)",
					"@executable_path/../Frameworks",
				);
				MACOSX_DEPLOYMENT_TARGET = 14.0;
				MARKETING_VERSION = 1.0;
				PRODUCT_BUNDLE_IDENTIFIER = "com.lancelotbronner.Rimworld-Editor";
				PRODUCT_NAME = "$(TARGET_NAME)";
				SUPPORTED_PLATFORMS = "iphoneos iphonesimulator macosx";
				SUPPORTS_MACCATALYST = NO;
				SUPPORTS_MAC_DESIGNED_FOR_IPHONE_IPAD = NO;
				SWIFT_EMIT_LOC_STRINGS = YES;
				SWIFT_VERSION = 5.0;
				TARGETED_DEVICE_FAMILY = 2;
			};
			name = Release;
		};
/* End XCBuildConfiguration section */

/* Begin XCConfigurationList section */
		73AC1C3629A99EB600DEB7DA /* Build configuration list for PBXProject "Rimworld Editor" */ = {
			isa = XCConfigurationList;
			buildConfigurations = (
				73AC1C4829A99EB700DEB7DA /* Debug */,
				73AC1C4929A99EB700DEB7DA /* Release */,
			);
			defaultConfigurationIsVisible = 0;
			defaultConfigurationName = Release;
		};
		73AC1C4A29A99EB700DEB7DA /* Build configuration list for PBXNativeTarget "Rimworld Editor" */ = {
			isa = XCConfigurationList;
			buildConfigurations = (
				73AC1C4B29A99EB700DEB7DA /* Debug */,
				73AC1C4C29A99EB700DEB7DA /* Release */,
			);
			defaultConfigurationIsVisible = 0;
			defaultConfigurationName = Release;
		};
/* End XCConfigurationList section */
	};
	rootObject = 73AC1C3329A99EB600DEB7DA /* Project object */;
}
